// !$*UTF8*$!
{
	archiveVersion = 1;
	classes = {
	};
	objectVersion = 46;
	objects = {

/* Begin PBXBuildFile section */
		C410EA811E74647D00BF48E1 /* AppDelegate.swift in Sources */ = {isa = PBXBuildFile; fileRef = C410EA801E74647D00BF48E1 /* AppDelegate.swift */; };
		C410EA831E74647D00BF48E1 /* ViewController.swift in Sources */ = {isa = PBXBuildFile; fileRef = C410EA821E74647D00BF48E1 /* ViewController.swift */; };
		C410EA861E74647D00BF48E1 /* Main.storyboard in Resources */ = {isa = PBXBuildFile; fileRef = C410EA841E74647D00BF48E1 /* Main.storyboard */; };
		C410EA881E74647D00BF48E1 /* Assets.xcassets in Resources */ = {isa = PBXBuildFile; fileRef = C410EA871E74647D00BF48E1 /* Assets.xcassets */; };
		C410EA8B1E74647D00BF48E1 /* LaunchScreen.storyboard in Resources */ = {isa = PBXBuildFile; fileRef = C410EA891E74647D00BF48E1 /* LaunchScreen.storyboard */; };
		C410EA931E75FFE600BF48E1 /* SettingsViewController.swift in Sources */ = {isa = PBXBuildFile; fileRef = C410EA921E75FFE500BF48E1 /* SettingsViewController.swift */; };
		C410EA991E7607ED00BF48E1 /* back.png in Resources */ = {isa = PBXBuildFile; fileRef = C410EA981E7607ED00BF48E1 /* back.png */; };
		C410EA9B1E7607F300BF48E1 /* settings.png in Resources */ = {isa = PBXBuildFile; fileRef = C410EA9A1E7607F300BF48E1 /* settings.png */; };
		C410EA9D1E76943000BF48E1 /* ss.png in Resources */ = {isa = PBXBuildFile; fileRef = C410EA9C1E76943000BF48E1 /* ss.png */; };
/* End PBXBuildFile section */

/* Begin PBXFileReference section */
		C410EA7D1E74647D00BF48E1 /* Tipsy Tip.app */ = {isa = PBXFileReference; explicitFileType = wrapper.application; includeInIndex = 0; path = "Tipsy Tip.app"; sourceTree = BUILT_PRODUCTS_DIR; };
		C410EA801E74647D00BF48E1 /* AppDelegate.swift */ = {isa = PBXFileReference; lastKnownFileType = sourcecode.swift; path = AppDelegate.swift; sourceTree = "<group>"; };
		C410EA821E74647D00BF48E1 /* ViewController.swift */ = {isa = PBXFileReference; lastKnownFileType = sourcecode.swift; path = ViewController.swift; sourceTree = "<group>"; };
		C410EA851E74647D00BF48E1 /* Base */ = {isa = PBXFileReference; lastKnownFileType = file.storyboard; name = Base; path = Base.lproj/Main.storyboard; sourceTree = "<group>"; };
		C410EA871E74647D00BF48E1 /* Assets.xcassets */ = {isa = PBXFileReference; lastKnownFileType = folder.assetcatalog; path = Assets.xcassets; sourceTree = "<group>"; };
		C410EA8A1E74647D00BF48E1 /* Base */ = {isa = PBXFileReference; lastKnownFileType = file.storyboard; name = Base; path = Base.lproj/LaunchScreen.storyboard; sourceTree = "<group>"; };
		C410EA8C1E74647D00BF48E1 /* Info.plist */ = {isa = PBXFileReference; lastKnownFileType = text.plist.xml; path = Info.plist; sourceTree = "<group>"; };
		C410EA921E75FFE500BF48E1 /* SettingsViewController.swift */ = {isa = PBXFileReference; fileEncoding = 4; lastKnownFileType = sourcecode.swift; path = SettingsViewController.swift; sourceTree = "<group>"; };
		C410EA981E7607ED00BF48E1 /* back.png */ = {isa = PBXFileReference; lastKnownFileType = image.png; path = back.png; sourceTree = "<group>"; };
		C410EA9A1E7607F300BF48E1 /* settings.png */ = {isa = PBXFileReference; lastKnownFileType = image.png; path = settings.png; sourceTree = "<group>"; };
		C410EA9C1E76943000BF48E1 /* ss.png */ = {isa = PBXFileReference; lastKnownFileType = image.png; path = ss.png; sourceTree = "<group>"; };
/* End PBXFileReference section */

/* Begin PBXFrameworksBuildPhase section */
		C410EA7A1E74647D00BF48E1 /* Frameworks */ = {
			isa = PBXFrameworksBuildPhase;
			buildActionMask = 2147483647;
			files = (
			);
			runOnlyForDeploymentPostprocessing = 0;
		};
/* End PBXFrameworksBuildPhase section */

/* Begin PBXGroup section */
		C410EA741E74647D00BF48E1 = {
			isa = PBXGroup;
			children = (
				C410EA7F1E74647D00BF48E1 /* Tipsy Tip */,
				C410EA7E1E74647D00BF48E1 /* Products */,
			);
			sourceTree = "<group>";
		};
		C410EA7E1E74647D00BF48E1 /* Products */ = {
			isa = PBXGroup;
			children = (
				C410EA7D1E74647D00BF48E1 /* Tipsy Tip.app */,
			);
			name = Products;
			sourceTree = "<group>";
		};
		C410EA7F1E74647D00BF48E1 /* Tipsy Tip */ = {
			isa = PBXGroup;
			children = (
				C410EA801E74647D00BF48E1 /* AppDelegate.swift */,
				C410EA821E74647D00BF48E1 /* ViewController.swift */,
				C410EA921E75FFE500BF48E1 /* SettingsViewController.swift */,
				C410EA841E74647D00BF48E1 /* Main.storyboard */,
				C410EA871E74647D00BF48E1 /* Assets.xcassets */,
				C410EA9C1E76943000BF48E1 /* ss.png */,
				C410EA9A1E7607F300BF48E1 /* settings.png */,
				C410EA981E7607ED00BF48E1 /* back.png */,
				C410EA891E74647D00BF48E1 /* LaunchScreen.storyboard */,
				C410EA8C1E74647D00BF48E1 /* Info.plist */,
			);
			path = "Tipsy Tip";
			sourceTree = "<group>";
		};
/* End PBXGroup section */

/* Begin PBXNativeTarget section */
		C410EA7C1E74647D00BF48E1 /* Tipsy Tip */ = {
			isa = PBXNativeTarget;
			buildConfigurationList = C410EA8F1E74647D00BF48E1 /* Build configuration list for PBXNativeTarget "Tipsy Tip" */;
			buildPhases = (
				C410EA791E74647D00BF48E1 /* Sources */,
				C410EA7A1E74647D00BF48E1 /* Frameworks */,
				C410EA7B1E74647D00BF48E1 /* Resources */,
			);
			buildRules = (
			);
			dependencies = (
			);
			name = "Tipsy Tip";
			productName = "Tipsy Tip";
			productReference = C410EA7D1E74647D00BF48E1 /* Tipsy Tip.app */;
			productType = "com.apple.product-type.application";
		};
/* End PBXNativeTarget section */

/* Begin PBXProject section */
		C410EA751E74647D00BF48E1 /* Project object */ = {
			isa = PBXProject;
			attributes = {
				LastSwiftUpdateCheck = 0730;
				LastUpgradeCheck = 0730;
				ORGANIZATIONNAME = LittleApps;
				TargetAttributes = {
					C410EA7C1E74647D00BF48E1 = {
						CreatedOnToolsVersion = 7.3.1;
					};
				};
			};
			buildConfigurationList = C410EA781E74647D00BF48E1 /* Build configuration list for PBXProject "Tipsy Tip" */;
			compatibilityVersion = "Xcode 3.2";
			developmentRegion = English;
			hasScannedForEncodings = 0;
			knownRegions = (
				en,
				Base,
			);
			mainGroup = C410EA741E74647D00BF48E1;
			productRefGroup = C410EA7E1E74647D00BF48E1 /* Products */;
			projectDirPath = "";
			projectRoot = "";
			targets = (
				C410EA7C1E74647D00BF48E1 /* Tipsy Tip */,
			);
		};
/* End PBXProject section */

/* Begin PBXResourcesBuildPhase section */
		C410EA7B1E74647D00BF48E1 /* Resources */ = {
			isa = PBXResourcesBuildPhase;
			buildActionMask = 2147483647;
			files = (
				C410EA991E7607ED00BF48E1 /* back.png in Resources */,
				C410EA9D1E76943000BF48E1 /* ss.png in Resources */,
				C410EA9B1E7607F300BF48E1 /* settings.png in Resources */,
				C410EA8B1E74647D00BF48E1 /* LaunchScreen.storyboard in Resources */,
				C410EA881E74647D00BF48E1 /* Assets.xcassets in Resources */,
				C410EA861E74647D00BF48E1 /* Main.storyboard in Resources */,
			);
			runOnlyForDeploymentPostprocessing = 0;
		};
/* End PBXResourcesBuildPhase section */

/* Begin PBXSourcesBuildPhase section */
		C410EA791E74647D00BF48E1 /* Sources */ = {
			isa = PBXSourcesBuildPhase;
			buildActionMask = 2147483647;
			files = (
				C410EA831E74647D00BF48E1 /* ViewController.swift in Sources */,
				C410EA811E74647D00BF48E1 /* AppDelegate.swift in Sources */,
				C410EA931E75FFE600BF48E1 /* SettingsViewController.swift in Sources */,
			);
			runOnlyForDeploymentPostprocessing = 0;
		};
/* End PBXSourcesBuildPhase section */

/* Begin PBXVariantGroup section */
		C410EA841E74647D00BF48E1 /* Main.storyboard */ = {
			isa = PBXVariantGroup;
			children = (
				C410EA851E74647D00BF48E1 /* Base */,
			);
			name = Main.storyboard;
			sourceTree = "<group>";
		};
		C410EA891E74647D00BF48E1 /* LaunchScreen.storyboard */ = {
			isa = PBXVariantGroup;
			children = (
				C410EA8A1E74647D00BF48E1 /* Base */,
			);
			name = LaunchScreen.storyboard;
			sourceTree = "<group>";
		};
/* End PBXVariantGroup section */

/* Begin XCBuildConfiguration section */
		C410EA8D1E74647D00BF48E1 /* Debug */ = {
			isa = XCBuildConfiguration;
			buildSettings = {
				ALWAYS_SEARCH_USER_PATHS = NO;
				CLANG_ANALYZER_NONNULL = YES;
				CLANG_CXX_LANGUAGE_STANDARD = "gnu++0x";
				CLANG_CXX_LIBRARY = "libc++";
				CLANG_ENABLE_MODULES = YES;
				CLANG_ENABLE_OBJC_ARC = YES;
				CLANG_WARN_BOOL_CONVERSION = YES;
				CLANG_WARN_CONSTANT_CONVERSION = YES;
				CLANG_WARN_DIRECT_OBJC_ISA_USAGE = YES_ERROR;
				CLANG_WARN_EMPTY_BODY = YES;
				CLANG_WARN_ENUM_CONVERSION = YES;
				CLANG_WARN_INT_CONVERSION = YES;
				CLANG_WARN_OBJC_ROOT_CLASS = YES_ERROR;
				CLANG_WARN_UNREACHABLE_CODE = YES;
				CLANG_WARN__DUPLICATE_METHOD_MATCH = YES;
				"CODE_SIGN_IDENTITY[sdk=iphoneos*]" = "iPhone Developer";
				COPY_PHASE_STRIP = NO;
				DEBUG_INFORMATION_FORMAT = dwarf;
				ENABLE_STRICT_OBJC_MSGSEND = YES;
				ENABLE_TESTABILITY = YES;
				GCC_C_LANGUAGE_STANDARD = gnu99;
				GCC_DYNAMIC_NO_PIC = NO;
				GCC_NO_COMMON_BLOCKS = YES;
				GCC_OPTIMIZATION_LEVEL = 0;
				GCC_PREPROCESSOR_DEFINITIONS = (
					"DEBUG=1",
					"$(inherited)",
				);
				GCC_WARN_64_TO_32_BIT_CONVERSION = YES;
				GCC_WARN_ABOUT_RETURN_TYPE = YES_ERROR;
				GCC_WARN_UNDECLARED_SELECTOR = YES;
				GCC_WARN_UNINITIALIZED_AUTOS = YES_AGGRESSIVE;
				GCC_WARN_UNUSED_FUNCTION = YES;
				GCC_WARN_UNUSED_VARIABLE = YES;
				IPHONEOS_DEPLOYMENT_TARGET = 9.3;
				MTL_ENABLE_DEBUG_INFO = YES;
				ONLY_ACTIVE_ARCH = YES;
				SDKROOT = iphoneos;
				SWIFT_OPTIMIZATION_LEVEL = "-Onone";
			};
			name = Debug;
		};
		C410EA8E1E74647D00BF48E1 /* Release */ = {
			isa = XCBuildConfiguration;
			buildSettings = {
				ALWAYS_SEARCH_USER_PATHS = NO;
				CLANG_ANALYZER_NONNULL = YES;
				CLANG_CXX_LANGUAGE_STANDARD = "gnu++0x";
				CLANG_CXX_LIBRARY = "libc++";
				CLANG_ENABLE_MODULES = YES;
				CLANG_ENABLE_OBJC_ARC = YES;
				CLANG_WARN_BOOL_CONVERSION = YES;
				CLANG_WARN_CONSTANT_CONVERSION = YES;
				CLANG_WARN_DIRECT_OBJC_ISA_USAGE = YES_ERROR;
				CLANG_WARN_EMPTY_BODY = YES;
				CLANG_WARN_ENUM_CONVERSION = YES;
				CLANG_WARN_INT_CONVERSION = YES;
				CLANG_WARN_OBJC_ROOT_CLASS = YES_ERROR;
				CLANG_WARN_UNREACHABLE_CODE = YES;
				CLANG_WARN__DUPLICATE_METHOD_MATCH = YES;
				"CODE_SIGN_IDENTITY[sdk=iphoneos*]" = "iPhone Developer";
				COPY_PHASE_STRIP = NO;
				DEBUG_INFORMATION_FORMAT = "dwarf-with-dsym";
				ENABLE_NS_ASSERTIONS = NO;
				ENABLE_STRICT_OBJC_MSGSEND = YES;
				GCC_C_LANGUAGE_STANDARD = gnu99;
				GCC_NO_COMMON_BLOCKS = YES;
				GCC_WARN_64_TO_32_BIT_CONVERSION = YES;
				GCC_WARN_ABOUT_RETURN_TYPE = YES_ERROR;
				GCC_WARN_UNDECLARED_SELECTOR = YES;
				GCC_WARN_UNINITIALIZED_AUTOS = YES_AGGRESSIVE;
				GCC_WARN_UNUSED_FUNCTION = YES;
				GCC_WARN_UNUSED_VARIABLE = YES;
				IPHONEOS_DEPLOYMENT_TARGET = 9.3;
				MTL_ENABLE_DEBUG_INFO = NO;
				SDKROOT = iphoneos;
				VALIDATE_PRODUCT = YES;
			};
			name = Release;
		};
		C410EA901E74647D00BF48E1 /* Debug */ = {
			isa = XCBuildConfiguration;
			buildSettings = {
				ASSETCATALOG_COMPILER_APPICON_NAME = AppIcon;
				INFOPLIST_FILE = "Tipsy Tip/Info.plist";
				LD_RUNPATH_SEARCH_PATHS = "$(inherited) @executable_path/Frameworks";
				PRODUCT_BUNDLE_IDENTIFIER = "com.littleapps.Tipsy-Tip";
				PRODUCT_NAME = "$(TARGET_NAME)";
			};
			name = Debug;
		};
		C410EA911E74647D00BF48E1 /* Release */ = {
			isa = XCBuildConfiguration;
			buildSettings = {
				ASSETCATALOG_COMPILER_APPICON_NAME = AppIcon;
				INFOPLIST_FILE = "Tipsy Tip/Info.plist";
				LD_RUNPATH_SEARCH_PATHS = "$(inherited) @executable_path/Frameworks";
				PRODUCT_BUNDLE_IDENTIFIER = "com.littleapps.Tipsy-Tip";
				PRODUCT_NAME = "$(TARGET_NAME)";
			};
			name = Release;
		};
/* End XCBuildConfiguration section */

/* Begin XCConfigurationList section */
		C410EA781E74647D00BF48E1 /* Build configuration list for PBXProject "Tipsy Tip" */ = {
			isa = XCConfigurationList;
			buildConfigurations = (
				C410EA8D1E74647D00BF48E1 /* Debug */,
				C410EA8E1E74647D00BF48E1 /* Release */,
			);
			defaultConfigurationIsVisible = 0;
			defaultConfigurationName = Release;
		};
		C410EA8F1E74647D00BF48E1 /* Build configuration list for PBXNativeTarget "Tipsy Tip" */ = {
			isa = XCConfigurationList;
			buildConfigurations = (
				C410EA901E74647D00BF48E1 /* Debug */,
				C410EA911E74647D00BF48E1 /* Release */,
			);
			defaultConfigurationIsVisible = 0;
		};
/* End XCConfigurationList section */
	};
	rootObject = C410EA751E74647D00BF48E1 /* Project object */;
}
